
Microsoft Visual Studio Solution File, Format Version 12.00
# Visual Studio Version 17
VisualStudioVersion = 17.9.34622.214
MinimumVisualStudioVersion = 10.0.40219.1
Project("{FAE04EC0-301F-11D3-BF4B-00C04F79EFBC}") = "Progra1251", "Progra1251.csproj", "{2ACE2016-3E1B-402D-8581-49EE1FD75A4F}"
EndProject
Global
	GlobalSection(SolutionConfigurationPlatforms) = preSolution
		Debug|Any CPU = Debug|Any CPU
		Release|Any CPU = Release|Any CPU
	EndGlobalSection
	GlobalSection(ProjectConfigurationPlatforms) = postSolution
		{2ACE2016-3E1B-402D-8581-49EE1FD75A4F}.Debug|Any CPU.ActiveCfg = Debug|Any CPU
		{2ACE2016-3E1B-402D-8581-49EE1FD75A4F}.Debug|Any CPU.Build.0 = Debug|Any CPU
		{2ACE2016-3E1B-402D-8581-49EE1FD75A4F}.Release|Any CPU.ActiveCfg = Release|Any CPU
		{2ACE2016-3E1B-402D-8581-49EE1FD75A4F}.Release|Any CPU.Build.0 = Release|Any CPU
	EndGlobalSection
	GlobalSection(SolutionProperties) = preSolution
		HideSolutionNode = FALSE
	EndGlobalSection
	GlobalSection(ExtensibilityGlobals) = postSolution
		SolutionGuid = {25C4F892-2421-4E4C-AD51-E8617E187FE6}
	EndGlobalSection
EndGlobal
